// !$*UTF8*$!
{
	archiveVersion = 1;
	classes = {
	};
	objectVersion = 50;
	objects = {

/* Begin PBXBuildFile section */
		636A668425C330830048CBBB /* AppDelegate.swift in Sources */ = {isa = PBXBuildFile; fileRef = 636A668325C330830048CBBB /* AppDelegate.swift */; };
		636A668625C330830048CBBB /* SceneDelegate.swift in Sources */ = {isa = PBXBuildFile; fileRef = 636A668525C330830048CBBB /* SceneDelegate.swift */; };
		636A668825C330830048CBBB /* ViewController.swift in Sources */ = {isa = PBXBuildFile; fileRef = 636A668725C330830048CBBB /* ViewController.swift */; };
		636A668B25C330830048CBBB /* Main.storyboard in Resources */ = {isa = PBXBuildFile; fileRef = 636A668925C330830048CBBB /* Main.storyboard */; };
		636A668D25C330840048CBBB /* Assets.xcassets in Resources */ = {isa = PBXBuildFile; fileRef = 636A668C25C330840048CBBB /* Assets.xcassets */; };
		636A669025C330840048CBBB /* LaunchScreen.storyboard in Resources */ = {isa = PBXBuildFile; fileRef = 636A668E25C330840048CBBB /* LaunchScreen.storyboard */; };
		63AB798025C9C820003F2094 /* invalid_keypress.mp3 in Resources */ = {isa = PBXBuildFile; fileRef = 63AB797F25C9C820003F2094 /* invalid_keypress.mp3 */; };
/* End PBXBuildFile section */

/* Begin PBXFileReference section */
		636A668025C330830048CBBB /* Udderz.app */ = {isa = PBXFileReference; explicitFileType = wrapper.application; includeInIndex = 0; path = Udderz.app; sourceTree = BUILT_PRODUCTS_DIR; };
		636A668325C330830048CBBB /* AppDelegate.swift */ = {isa = PBXFileReference; lastKnownFileType = sourcecode.swift; path = AppDelegate.swift; sourceTree = "<group>"; };
		636A668525C330830048CBBB /* SceneDelegate.swift */ = {isa = PBXFileReference; lastKnownFileType = sourcecode.swift; path = SceneDelegate.swift; sourceTree = "<group>"; };
		636A668725C330830048CBBB /* ViewController.swift */ = {isa = PBXFileReference; lastKnownFileType = sourcecode.swift; path = ViewController.swift; sourceTree = "<group>"; };
		636A668A25C330830048CBBB /* Base */ = {isa = PBXFileReference; lastKnownFileType = file.storyboard; name = Base; path = Base.lproj/Main.storyboard; sourceTree = "<group>"; };
		636A668C25C330840048CBBB /* Assets.xcassets */ = {isa = PBXFileReference; lastKnownFileType = folder.assetcatalog; path = Assets.xcassets; sourceTree = "<group>"; };
		636A668F25C330840048CBBB /* Base */ = {isa = PBXFileReference; lastKnownFileType = file.storyboard; name = Base; path = Base.lproj/LaunchScreen.storyboard; sourceTree = "<group>"; };
		636A669125C330840048CBBB /* Info.plist */ = {isa = PBXFileReference; lastKnownFileType = text.plist.xml; path = Info.plist; sourceTree = "<group>"; };
		63AB797F25C9C820003F2094 /* invalid_keypress.mp3 */ = {isa = PBXFileReference; lastKnownFileType = audio.mp3; path = invalid_keypress.mp3; sourceTree = "<group>"; };
/* End PBXFileReference section */

/* Begin PBXFrameworksBuildPhase section */
		636A667D25C330830048CBBB /* Frameworks */ = {
			isa = PBXFrameworksBuildPhase;
			buildActionMask = 2147483647;
			files = (
			);
			runOnlyForDeploymentPostprocessing = 0;
		};
/* End PBXFrameworksBuildPhase section */

/* Begin PBXGroup section */
		636A667725C330830048CBBB = {
			isa = PBXGroup;
			children = (
				636A668225C330830048CBBB /* Udderz */,
				636A668125C330830048CBBB /* Products */,
			);
			sourceTree = "<group>";
		};
		636A668125C330830048CBBB /* Products */ = {
			isa = PBXGroup;
			children = (
				636A668025C330830048CBBB /* Udderz.app */,
			);
			name = Products;
			sourceTree = "<group>";
		};
		636A668225C330830048CBBB /* Udderz */ = {
			isa = PBXGroup;
			children = (
				63AB797F25C9C820003F2094 /* invalid_keypress.mp3 */,
				636A668325C330830048CBBB /* AppDelegate.swift */,
				636A668525C330830048CBBB /* SceneDelegate.swift */,
				636A668725C330830048CBBB /* ViewController.swift */,
				636A668925C330830048CBBB /* Main.storyboard */,
				636A668C25C330840048CBBB /* Assets.xcassets */,
				636A668E25C330840048CBBB /* LaunchScreen.storyboard */,
				636A669125C330840048CBBB /* Info.plist */,
			);
			path = Udderz;
			sourceTree = "<group>";
		};
/* End PBXGroup section */

/* Begin PBXNativeTarget section */
		636A667F25C330830048CBBB /* Udderz */ = {
			isa = PBXNativeTarget;
			buildConfigurationList = 636A669425C330840048CBBB /* Build configuration list for PBXNativeTarget "Udderz" */;
			buildPhases = (
				636A667C25C330830048CBBB /* Sources */,
				636A667D25C330830048CBBB /* Frameworks */,
				636A667E25C330830048CBBB /* Resources */,
			);
			buildRules = (
			);
			dependencies = (
			);
			name = Udderz;
			productName = Udderz;
			productReference = 636A668025C330830048CBBB /* Udderz.app */;
			productType = "com.apple.product-type.application";
		};
/* End PBXNativeTarget section */

/* Begin PBXProject section */
		636A667825C330830048CBBB /* Project object */ = {
			isa = PBXProject;
			attributes = {
				LastSwiftUpdateCheck = 1240;
				LastUpgradeCheck = 1240;
				TargetAttributes = {
					636A667F25C330830048CBBB = {
						CreatedOnToolsVersion = 12.4;
					};
				};
			};
			buildConfigurationList = 636A667B25C330830048CBBB /* Build configuration list for PBXProject "Udderz" */;
			compatibilityVersion = "Xcode 9.3";
			developmentRegion = en;
			hasScannedForEncodings = 0;
			knownRegions = (
				en,
				Base,
			);
			mainGroup = 636A667725C330830048CBBB;
			productRefGroup = 636A668125C330830048CBBB /* Products */;
			projectDirPath = "";
			projectRoot = "";
			targets = (
				636A667F25C330830048CBBB /* Udderz */,
			);
		};
/* End PBXProject section */

/* Begin PBXResourcesBuildPhase section */
		636A667E25C330830048CBBB /* Resources */ = {
			isa = PBXResourcesBuildPhase;
			buildActionMask = 2147483647;
			files = (
				636A669025C330840048CBBB /* LaunchScreen.storyboard in Resources */,
				636A668D25C330840048CBBB /* Assets.xcassets in Resources */,
				63AB798025C9C820003F2094 /* invalid_keypress.mp3 in Resources */,
				636A668B25C330830048CBBB /* Main.storyboard in Resources */,
			);
			runOnlyForDeploymentPostprocessing = 0;
		};
/* End PBXResourcesBuildPhase section */

/* Begin PBXSourcesBuildPhase section */
		636A667C25C330830048CBBB /* Sources */ = {
			isa = PBXSourcesBuildPhase;
			buildActionMask = 2147483647;
			files = (
				636A668825C330830048CBBB /* ViewController.swift in Sources */,
				636A668425C330830048CBBB /* AppDelegate.swift in Sources */,
				636A668625C330830048CBBB /* SceneDelegate.swift in Sources */,
			);
			runOnlyForDeploymentPostprocessing = 0;
		};
/* End PBXSourcesBuildPhase section */

/* Begin PBXVariantGroup section */
		636A668925C330830048CBBB /* Main.storyboard */ = {
			isa = PBXVariantGroup;
			children = (
				636A668A25C330830048CBBB /* Base */,
			);
			name = Main.storyboard;
			sourceTree = "<group>";
		};
		636A668E25C330840048CBBB /* LaunchScreen.storyboard */ = {
			isa = PBXVariantGroup;
			children = (
				636A668F25C330840048CBBB /* Base */,
			);
			name = LaunchScreen.storyboard;
			sourceTree = "<group>";
		};
/* End PBXVariantGroup section */

/* Begin XCBuildConfiguration section */
		636A669225C330840048CBBB /* Debug */ = {
			isa = XCBuildConfiguration;
			buildSettings = {
				ALWAYS_SEARCH_USER_PATHS = NO;
				CLANG_ANALYZER_NONNULL = YES;
				CLANG_ANALYZER_NUMBER_OBJECT_CONVERSION = YES_AGGRESSIVE;
				CLANG_CXX_LANGUAGE_STANDARD = "gnu++14";
				CLANG_CXX_LIBRARY = "libc++";
				CLANG_ENABLE_MODULES = YES;
				CLANG_ENABLE_OBJC_ARC = YES;
				CLANG_ENABLE_OBJC_WEAK = YES;
				CLANG_WARN_BLOCK_CAPTURE_AUTORELEASING = YES;
				CLANG_WARN_BOOL_CONVERSION = YES;
				CLANG_WARN_COMMA = YES;
				CLANG_WARN_CONSTANT_CONVERSION = YES;
				CLANG_WARN_DEPRECATED_OBJC_IMPLEMENTATIONS = YES;
				CLANG_WARN_DIRECT_OBJC_ISA_USAGE = YES_ERROR;
				CLANG_WARN_DOCUMENTATION_COMMENTS = YES;
				CLANG_WARN_EMPTY_BODY = YES;
				CLANG_WARN_ENUM_CONVERSION = YES;
				CLANG_WARN_INFINITE_RECURSION = YES;
				CLANG_WARN_INT_CONVERSION = YES;
				CLANG_WARN_NON_LITERAL_NULL_CONVERSION = YES;
				CLANG_WARN_OBJC_IMPLICIT_RETAIN_SELF = YES;
				CLANG_WARN_OBJC_LITERAL_CONVERSION = YES;
				CLANG_WARN_OBJC_ROOT_CLASS = YES_ERROR;
				CLANG_WARN_QUOTED_INCLUDE_IN_FRAMEWORK_HEADER = YES;
				CLANG_WARN_RANGE_LOOP_ANALYSIS = YES;
				CLANG_WARN_STRICT_PROTOTYPES = YES;
				CLANG_WARN_SUSPICIOUS_MOVE = YES;
				CLANG_WARN_UNGUARDED_AVAILABILITY = YES_AGGRESSIVE;
				CLANG_WARN_UNREACHABLE_CODE = YES;
				CLANG_WARN__DUPLICATE_METHOD_MATCH = YES;
				COPY_PHASE_STRIP = NO;
				DEBUG_INFORMATION_FORMAT = dwarf;
				ENABLE_STRICT_OBJC_MSGSEND = YES;
				ENABLE_TESTABILITY = YES;
				GCC_C_LANGUAGE_STANDARD = gnu11;
				GCC_DYNAMIC_NO_PIC = NO;
				GCC_NO_COMMON_BLOCKS = YES;
				GCC_OPTIMIZATION_LEVEL = 0;
				GCC_PREPROCESSOR_DEFINITIONS = (
					"DEBUG=1",
					"$(inherited)",
				);
				GCC_WARN_64_TO_32_BIT_CONVERSION = YES;
				GCC_WARN_ABOUT_RETURN_TYPE = YES_ERROR;
				GCC_WARN_UNDECLARED_SELECTOR = YES;
				GCC_WARN_UNINITIALIZED_AUTOS = YES_AGGRESSIVE;
				GCC_WARN_UNUSED_FUNCTION = YES;
				GCC_WARN_UNUSED_VARIABLE = YES;
				IPHONEOS_DEPLOYMENT_TARGET = 14.4;
				MTL_ENABLE_DEBUG_INFO = INCLUDE_SOURCE;
				MTL_FAST_MATH = YES;
				ONLY_ACTIVE_ARCH = YES;
				SDKROOT = iphoneos;
				SWIFT_ACTIVE_COMPILATION_CONDITIONS = DEBUG;
				SWIFT_OPTIMIZATION_LEVEL = "-Onone";
			};
			name = Debug;
		};
		636A669325C330840048CBBB /* Release */ = {
			isa = XCBuildConfiguration;
			buildSettings = {
				ALWAYS_SEARCH_USER_PATHS = NO;
				CLANG_ANALYZER_NONNULL = YES;
				CLANG_ANALYZER_NUMBER_OBJECT_CONVERSION = YES_AGGRESSIVE;
				CLANG_CXX_LANGUAGE_STANDARD = "gnu++14";
				CLANG_CXX_LIBRARY = "libc++";
				CLANG_ENABLE_MODULES = YES;
				CLANG_ENABLE_OBJC_ARC = YES;
				CLANG_ENABLE_OBJC_WEAK = YES;
				CLANG_WARN_BLOCK_CAPTURE_AUTORELEASING = YES;
				CLANG_WARN_BOOL_CONVERSION = YES;
				CLANG_WARN_COMMA = YES;
				CLANG_WARN_CONSTANT_CONVERSION = YES;
				CLANG_WARN_DEPRECATED_OBJC_IMPLEMENTATIONS = YES;
				CLANG_WARN_DIRECT_OBJC_ISA_USAGE = YES_ERROR;
				CLANG_WARN_DOCUMENTATION_COMMENTS = YES;
				CLANG_WARN_EMPTY_BODY = YES;
				CLANG_WARN_ENUM_CONVERSION = YES;
				CLANG_WARN_INFINITE_RECURSION = YES;
				CLANG_WARN_INT_CONVERSION = YES;
				CLANG_WARN_NON_LITERAL_NULL_CONVERSION = YES;
				CLANG_WARN_OBJC_IMPLICIT_RETAIN_SELF = YES;
				CLANG_WARN_OBJC_LITERAL_CONVERSION = YES;
				CLANG_WARN_OBJC_ROOT_CLASS = YES_ERROR;
				CLANG_WARN_QUOTED_INCLUDE_IN_FRAMEWORK_HEADER = YES;
				CLANG_WARN_RANGE_LOOP_ANALYSIS = YES;
				CLANG_WARN_STRICT_PROTOTYPES = YES;
				CLANG_WARN_SUSPICIOUS_MOVE = YES;
				CLANG_WARN_UNGUARDED_AVAILABILITY = YES_AGGRESSIVE;
				CLANG_WARN_UNREACHABLE_CODE = YES;
				CLANG_WARN__DUPLICATE_METHOD_MATCH = YES;
				COPY_PHASE_STRIP = NO;
				DEBUG_INFORMATION_FORMAT = "dwarf-with-dsym";
				ENABLE_NS_ASSERTIONS = NO;
				ENABLE_STRICT_OBJC_MSGSEND = YES;
				GCC_C_LANGUAGE_STANDARD = gnu11;
				GCC_NO_COMMON_BLOCKS = YES;
				GCC_WARN_64_TO_32_BIT_CONVERSION = YES;
				GCC_WARN_ABOUT_RETURN_TYPE = YES_ERROR;
				GCC_WARN_UNDECLARED_SELECTOR = YES;
				GCC_WARN_UNINITIALIZED_AUTOS = YES_AGGRESSIVE;
				GCC_WARN_UNUSED_FUNCTION = YES;
				GCC_WARN_UNUSED_VARIABLE = YES;
				IPHONEOS_DEPLOYMENT_TARGET = 14.4;
				MTL_ENABLE_DEBUG_INFO = NO;
				MTL_FAST_MATH = YES;
				SDKROOT = iphoneos;
				SWIFT_COMPILATION_MODE = wholemodule;
				SWIFT_OPTIMIZATION_LEVEL = "-O";
				VALIDATE_PRODUCT = YES;
			};
			name = Release;
		};
		636A669525C330840048CBBB /* Debug */ = {
			isa = XCBuildConfiguration;
			buildSettings = {
				ASSETCATALOG_COMPILER_APPICON_NAME = AppIcon;
				ASSETCATALOG_COMPILER_GLOBAL_ACCENT_COLOR_NAME = AccentColor;
				CODE_SIGN_STYLE = Automatic;
				DEVELOPMENT_TEAM = F9J7AVTQW9;
				INFOPLIST_FILE = Udderz/Info.plist;
				LD_RUNPATH_SEARCH_PATHS = (
					"$(inherited)",
					"@executable_path/Frameworks",
				);
				PRODUCT_BUNDLE_IDENTIFIER = com.Asim.Udderz;
				PRODUCT_NAME = "$(TARGET_NAME)";
				SWIFT_VERSION = 5.0;
				TARGETED_DEVICE_FAMILY = "1,2";
			};
			name = Debug;
		};
		636A669625C330840048CBBB /* Release */ = {
			isa = XCBuildConfiguration;
			buildSettings = {
				ASSETCATALOG_COMPILER_APPICON_NAME = AppIcon;
				ASSETCATALOG_COMPILER_GLOBAL_ACCENT_COLOR_NAME = AccentColor;
				CODE_SIGN_STYLE = Automatic;
				DEVELOPMENT_TEAM = F9J7AVTQW9;
				INFOPLIST_FILE = Udderz/Info.plist;
				LD_RUNPATH_SEARCH_PATHS = (
					"$(inherited)",
					"@executable_path/Frameworks",
				);
				PRODUCT_BUNDLE_IDENTIFIER = com.Asim.Udderz;
				PRODUCT_NAME = "$(TARGET_NAME)";
				SWIFT_VERSION = 5.0;
				TARGETED_DEVICE_FAMILY = "1,2";
			};
			name = Release;
		};
/* End XCBuildConfiguration section */

/* Begin XCConfigurationList section */
		636A667B25C330830048CBBB /* Build configuration list for PBXProject "Udderz" */ = {
			isa = XCConfigurationList;
			buildConfigurations = (
				636A669225C330840048CBBB /* Debug */,
				636A669325C330840048CBBB /* Release */,
			);
			defaultConfigurationIsVisible = 0;
			defaultConfigurationName = Release;
		};
		636A669425C330840048CBBB /* Build configuration list for PBXNativeTarget "Udderz" */ = {
			isa = XCConfigurationList;
			buildConfigurations = (
				636A669525C330840048CBBB /* Debug */,
				636A669625C330840048CBBB /* Release */,
			);
			defaultConfigurationIsVisible = 0;
			defaultConfigurationName = Release;
		};
/* End XCConfigurationList section */
	};
	rootObject = 636A667825C330830048CBBB /* Project object */;
}
